
Microsoft Visual Studio Solution File, Format Version 12.00
# Visual Studio Version 17
VisualStudioVersion = 17.7.34003.232
MinimumVisualStudioVersion = 10.0.40219.1
Project("{FAE04EC0-301F-11D3-BF4B-00C04F79EFBC}") = "Lab 2", "Lab 2.csproj", "{77C9F11A-7730-46BE-AD9E-FA8E07FF5DD4}"
EndProject
Project("{FAE04EC0-301F-11D3-BF4B-00C04F79EFBC}") = "Customer", "..\Customer\Customer.csproj", "{4C873898-96EC-4395-98B6-205251595474}"
EndProject
Global
	GlobalSection(SolutionConfigurationPlatforms) = preSolution
		Debug|Any CPU = Debug|Any CPU
		Release|Any CPU = Release|Any CPU
	EndGlobalSection
	GlobalSection(ProjectConfigurationPlatforms) = postSolution
		{77C9F11A-7730-46BE-AD9E-FA8E07FF5DD4}.Debug|Any CPU.ActiveCfg = Debug|Any CPU
		{77C9F11A-7730-46BE-AD9E-FA8E07FF5DD4}.Debug|Any CPU.Build.0 = Debug|Any CPU
		{77C9F11A-7730-46BE-AD9E-FA8E07FF5DD4}.Release|Any CPU.ActiveCfg = Release|Any CPU
		{77C9F11A-7730-46BE-AD9E-FA8E07FF5DD4}.Release|Any CPU.Build.0 = Release|Any CPU
		{4C873898-96EC-4395-98B6-205251595474}.Debug|Any CPU.ActiveCfg = Debug|Any CPU
		{4C873898-96EC-4395-98B6-205251595474}.Debug|Any CPU.Build.0 = Debug|Any CPU
		{4C873898-96EC-4395-98B6-205251595474}.Release|Any CPU.ActiveCfg = Release|Any CPU
		{4C873898-96EC-4395-98B6-205251595474}.Release|Any CPU.Build.0 = Release|Any CPU
	EndGlobalSection
	GlobalSection(SolutionProperties) = preSolution
		HideSolutionNode = FALSE
	EndGlobalSection
	GlobalSection(ExtensibilityGlobals) = postSolution
		SolutionGuid = {F07DB548-4FF9-4489-B1D5-0FB5BFAE998D}
	EndGlobalSection
EndGlobal
